
Microsoft Visual Studio Solution File, Format Version 12.00
# Visual Studio 15
Project("{2150E333-8FDC-42A3-9474-1A3956D46DE8}") = "Butler", "Butler", "{2A141738-832C-46ED-8EC0-5B27D4776147}"
	ProjectSection(SolutionItems) = preProject
		Butler\compress-mac-build.sh = Butler\compress-mac-build.sh
		Butler\download-butler.bat = Butler\download-butler.bat
		Butler\download-butler.sh = Butler\download-butler.sh
		Butler\upload-mac.sh = Butler\upload-mac.sh
		Butler\upload-windows.bat = Butler\upload-windows.bat
	EndProjectSection
EndProject
Project("{2150E333-8FDC-42A3-9474-1A3956D46DE8}") = "Solution Items", "Solution Items", "{CCA8417F-FDB9-41D1-B3E7-BD228AA68682}"
	ProjectSection(SolutionItems) = preProject
		azure_set_mono.sh = azure_set_mono.sh
		azure-pipelines-release-mac.yml = azure-pipelines-release-mac.yml
		azure-pipelines-release-win.yml = azure-pipelines-release-win.yml
	EndProjectSection
EndProject
Global
	GlobalSection(SolutionConfigurationPlatforms) = preSolution
		Debug|Any CPU = Debug|Any CPU
		Release|Any CPU = Release|Any CPU
	EndGlobalSection
	GlobalSection(ProjectConfigurationPlatforms) = postSolution
	EndGlobalSection
EndGlobal
