Microsoft Visual Studio Solution File, Format Version 12.00
# Visual Studio Version 16
VisualStudioVersion = 16.0.29025.244
MinimumVisualStudioVersion = 10.0.40219.1
Project("{2150E333-8FDC-42A3-9474-1A3956D46DE8}") = "Butler", "Butler", "{2A141738-832C-46ED-8EC0-5B27D4776147}"
	ProjectSection(SolutionItems) = preProject
		Butler\compress-mac-build.sh = Butler\compress-mac-build.sh
		Butler\download-butler.bat = Butler\download-butler.bat
		Butler\download-butler.sh = Butler\download-butler.sh
		Butler\upload-mac.sh = Butler\upload-mac.sh
		Butler\upload-windows.bat = Butler\upload-windows.bat
	EndProjectSection
EndProject
Project("{2150E333-8FDC-42A3-9474-1A3956D46DE8}") = "Solution Items", "Solution Items", "{CCA8417F-FDB9-41D1-B3E7-BD228AA68682}"
	ProjectSection(SolutionItems) = preProject
		azure-pipelines-release-mac.yml = azure-pipelines-release-mac.yml
		azure-pipelines-release-win.yml = azure-pipelines-release-win.yml
		azure_set_mono.sh = azure_set_mono.sh
	EndProjectSection
EndProject
Project("{9A19103F-16F7-4668-BE54-9A1E7A4F7556}") = "App.Win", "App.Win\App.Win.csproj", "{48BF40BD-2ACE-4300-8877-4C6089F4D61F}"
EndProject
Global
	GlobalSection(SolutionConfigurationPlatforms) = preSolution
		Debug|Any CPU = Debug|Any CPU
		Debug|x64 = Debug|x64
		Release|Any CPU = Release|Any CPU
		Release|x64 = Release|x64
	EndGlobalSection
	GlobalSection(ProjectConfigurationPlatforms) = postSolution
		{48BF40BD-2ACE-4300-8877-4C6089F4D61F}.Debug|Any CPU.ActiveCfg = Debug|Any CPU
		{48BF40BD-2ACE-4300-8877-4C6089F4D61F}.Debug|Any CPU.Build.0 = Debug|Any CPU
		{48BF40BD-2ACE-4300-8877-4C6089F4D61F}.Debug|x64.ActiveCfg = Debug|x64
		{48BF40BD-2ACE-4300-8877-4C6089F4D61F}.Debug|x64.Build.0 = Debug|x64
		{48BF40BD-2ACE-4300-8877-4C6089F4D61F}.Release|Any CPU.ActiveCfg = Release|Any CPU
		{48BF40BD-2ACE-4300-8877-4C6089F4D61F}.Release|Any CPU.Build.0 = Release|Any CPU
		{48BF40BD-2ACE-4300-8877-4C6089F4D61F}.Release|x64.ActiveCfg = Release|x64
		{48BF40BD-2ACE-4300-8877-4C6089F4D61F}.Release|x64.Build.0 = Release|x64
	EndGlobalSection
	GlobalSection(SolutionProperties) = preSolution
		HideSolutionNode = FALSE
	EndGlobalSection
	GlobalSection(ExtensibilityGlobals) = postSolution
		SolutionGuid = {B1AB6CD3-7C5E-471F-A3B9-29C659EBE137}
	EndGlobalSection
EndGlobal
